// !$*UTF8*$!
{
	archiveVersion = 1;
	classes = {
	};
	objectVersion = 48;
	objects = {

/* Begin PBXBuildFile section */
		FD56DD821FE32B2D004A62A6 /* events.plist in Resources */ = {isa = PBXBuildFile; fileRef = FD56DD811FE32B2D004A62A6 /* events.plist */; };
		FD56DD841FE34676004A62A6 /* PListConverter.swift in Sources */ = {isa = PBXBuildFile; fileRef = FD56DD831FE34676004A62A6 /* PListConverter.swift */; };
		FD56DD861FE3471B004A62A6 /* PListConverterError.swift in Sources */ = {isa = PBXBuildFile; fileRef = FD56DD851FE3471B004A62A6 /* PListConverterError.swift */; };
		FD56DD881FE3A1BE004A62A6 /* Eventable.swift in Sources */ = {isa = PBXBuildFile; fileRef = FD56DD871FE3A1BE004A62A6 /* Eventable.swift */; };
		FD56DD8B1FE3A391004A62A6 /* Event.swift in Sources */ = {isa = PBXBuildFile; fileRef = FD56DD8A1FE3A391004A62A6 /* Event.swift */; };
		FD56DD8D1FE3A492004A62A6 /* EventCollectionUnarchiver.swift in Sources */ = {isa = PBXBuildFile; fileRef = FD56DD8C1FE3A492004A62A6 /* EventCollectionUnarchiver.swift */; };
		FD56DD8F1FE3A76F004A62A6 /* EventProvidable.swift in Sources */ = {isa = PBXBuildFile; fileRef = FD56DD8E1FE3A76F004A62A6 /* EventProvidable.swift */; };
		FD56DD911FE3B127004A62A6 /* EventProvider.swift in Sources */ = {isa = PBXBuildFile; fileRef = FD56DD901FE3B127004A62A6 /* EventProvider.swift */; };
		FD56DD941FE3B33E004A62A6 /* Gamable.swift in Sources */ = {isa = PBXBuildFile; fileRef = FD56DD931FE3B33E004A62A6 /* Gamable.swift */; };
		FD56DD961FE3BDC2004A62A6 /* EvaluationResult.swift in Sources */ = {isa = PBXBuildFile; fileRef = FD56DD951FE3BDC2004A62A6 /* EvaluationResult.swift */; };
		FD56DD981FE3BE71004A62A6 /* GameEngine.swift in Sources */ = {isa = PBXBuildFile; fileRef = FD56DD971FE3BE71004A62A6 /* GameEngine.swift */; };
		FD56DD9A1FE3C613004A62A6 /* EventDescriptable.swift in Sources */ = {isa = PBXBuildFile; fileRef = FD56DD991FE3C613004A62A6 /* EventDescriptable.swift */; };
		FD56DD9C1FE3C834004A62A6 /* Scorable.swift in Sources */ = {isa = PBXBuildFile; fileRef = FD56DD9B1FE3C834004A62A6 /* Scorable.swift */; };
		FD56DD9E1FE3C863004A62A6 /* Score.swift in Sources */ = {isa = PBXBuildFile; fileRef = FD56DD9D1FE3C863004A62A6 /* Score.swift */; };
		FD56DDA31FE3FBEE004A62A6 /* EventDetailsViewController.swift in Sources */ = {isa = PBXBuildFile; fileRef = FD56DDA21FE3FBEE004A62A6 /* EventDetailsViewController.swift */; };
		FD56DDA61FE3FDED004A62A6 /* WebKit.framework in Frameworks */ = {isa = PBXBuildFile; fileRef = FD56DDA51FE3FDED004A62A6 /* WebKit.framework */; };
		FD6A99831FE46D6D00456835 /* ScoreViewController.swift in Sources */ = {isa = PBXBuildFile; fileRef = FD6A99821FE46D6D00456835 /* ScoreViewController.swift */; };
		FD6A99871FE54D1200456835 /* CorrectDing.wav in Resources */ = {isa = PBXBuildFile; fileRef = FD6A99851FE54D1200456835 /* CorrectDing.wav */; };
		FD6A99881FE54D1200456835 /* IncorrectBuzz.wav in Resources */ = {isa = PBXBuildFile; fileRef = FD6A99861FE54D1200456835 /* IncorrectBuzz.wav */; };
		FD6A998A1FE54D4400456835 /* SoundEngine.swift in Sources */ = {isa = PBXBuildFile; fileRef = FD6A99891FE54D4400456835 /* SoundEngine.swift */; };
		FD6A998C1FE54D6A00456835 /* SoundName.swift in Sources */ = {isa = PBXBuildFile; fileRef = FD6A998B1FE54D6A00456835 /* SoundName.swift */; };
		FDBF47681FE08B6200E78992 /* AppDelegate.swift in Sources */ = {isa = PBXBuildFile; fileRef = FDBF47671FE08B6200E78992 /* AppDelegate.swift */; };
		FDBF476A1FE08B6200E78992 /* ViewController.swift in Sources */ = {isa = PBXBuildFile; fileRef = FDBF47691FE08B6200E78992 /* ViewController.swift */; };
		FDBF476D1FE08B6200E78992 /* Main.storyboard in Resources */ = {isa = PBXBuildFile; fileRef = FDBF476B1FE08B6200E78992 /* Main.storyboard */; };
		FDBF476F1FE08B6200E78992 /* Assets.xcassets in Resources */ = {isa = PBXBuildFile; fileRef = FDBF476E1FE08B6200E78992 /* Assets.xcassets */; };
		FDBF47721FE08B6200E78992 /* LaunchScreen.storyboard in Resources */ = {isa = PBXBuildFile; fileRef = FDBF47701FE08B6200E78992 /* LaunchScreen.storyboard */; };
		FDC1E81A1FE2EDF0000389B7 /* UILabelExtension.swift in Sources */ = {isa = PBXBuildFile; fileRef = FDC1E8191FE2EDF0000389B7 /* UILabelExtension.swift */; };
/* End PBXBuildFile section */

/* Begin PBXFileReference section */
		FD56DD811FE32B2D004A62A6 /* events.plist */ = {isa = PBXFileReference; lastKnownFileType = text.plist.xml; path = events.plist; sourceTree = "<group>"; };
		FD56DD831FE34676004A62A6 /* PListConverter.swift */ = {isa = PBXFileReference; lastKnownFileType = sourcecode.swift; path = PListConverter.swift; sourceTree = "<group>"; };
		FD56DD851FE3471B004A62A6 /* PListConverterError.swift */ = {isa = PBXFileReference; lastKnownFileType = sourcecode.swift; path = PListConverterError.swift; sourceTree = "<group>"; };
		FD56DD871FE3A1BE004A62A6 /* Eventable.swift */ = {isa = PBXFileReference; lastKnownFileType = sourcecode.swift; path = Eventable.swift; sourceTree = "<group>"; };
		FD56DD8A1FE3A391004A62A6 /* Event.swift */ = {isa = PBXFileReference; lastKnownFileType = sourcecode.swift; path = Event.swift; sourceTree = "<group>"; };
		FD56DD8C1FE3A492004A62A6 /* EventCollectionUnarchiver.swift */ = {isa = PBXFileReference; lastKnownFileType = sourcecode.swift; path = EventCollectionUnarchiver.swift; sourceTree = "<group>"; };
		FD56DD8E1FE3A76F004A62A6 /* EventProvidable.swift */ = {isa = PBXFileReference; lastKnownFileType = sourcecode.swift; path = EventProvidable.swift; sourceTree = "<group>"; };
		FD56DD901FE3B127004A62A6 /* EventProvider.swift */ = {isa = PBXFileReference; lastKnownFileType = sourcecode.swift; path = EventProvider.swift; sourceTree = "<group>"; };
		FD56DD931FE3B33E004A62A6 /* Gamable.swift */ = {isa = PBXFileReference; lastKnownFileType = sourcecode.swift; path = Gamable.swift; sourceTree = "<group>"; };
		FD56DD951FE3BDC2004A62A6 /* EvaluationResult.swift */ = {isa = PBXFileReference; lastKnownFileType = sourcecode.swift; path = EvaluationResult.swift; sourceTree = "<group>"; };
		FD56DD971FE3BE71004A62A6 /* GameEngine.swift */ = {isa = PBXFileReference; lastKnownFileType = sourcecode.swift; path = GameEngine.swift; sourceTree = "<group>"; };
		FD56DD991FE3C613004A62A6 /* EventDescriptable.swift */ = {isa = PBXFileReference; lastKnownFileType = sourcecode.swift; path = EventDescriptable.swift; sourceTree = "<group>"; };
		FD56DD9B1FE3C834004A62A6 /* Scorable.swift */ = {isa = PBXFileReference; lastKnownFileType = sourcecode.swift; path = Scorable.swift; sourceTree = "<group>"; };
		FD56DD9D1FE3C863004A62A6 /* Score.swift */ = {isa = PBXFileReference; lastKnownFileType = sourcecode.swift; path = Score.swift; sourceTree = "<group>"; };
		FD56DDA21FE3FBEE004A62A6 /* EventDetailsViewController.swift */ = {isa = PBXFileReference; lastKnownFileType = sourcecode.swift; path = EventDetailsViewController.swift; sourceTree = "<group>"; };
		FD56DDA51FE3FDED004A62A6 /* WebKit.framework */ = {isa = PBXFileReference; lastKnownFileType = wrapper.framework; name = WebKit.framework; path = System/Library/Frameworks/WebKit.framework; sourceTree = SDKROOT; };
		FD6A99821FE46D6D00456835 /* ScoreViewController.swift */ = {isa = PBXFileReference; lastKnownFileType = sourcecode.swift; path = ScoreViewController.swift; sourceTree = "<group>"; };
		FD6A99851FE54D1200456835 /* CorrectDing.wav */ = {isa = PBXFileReference; lastKnownFileType = audio.wav; path = CorrectDing.wav; sourceTree = "<group>"; };
		FD6A99861FE54D1200456835 /* IncorrectBuzz.wav */ = {isa = PBXFileReference; lastKnownFileType = audio.wav; path = IncorrectBuzz.wav; sourceTree = "<group>"; };
		FD6A99891FE54D4400456835 /* SoundEngine.swift */ = {isa = PBXFileReference; lastKnownFileType = sourcecode.swift; path = SoundEngine.swift; sourceTree = "<group>"; };
		FD6A998B1FE54D6A00456835 /* SoundName.swift */ = {isa = PBXFileReference; lastKnownFileType = sourcecode.swift; path = SoundName.swift; sourceTree = "<group>"; };
		FDBF47641FE08B6200E78992 /* BoutTime.app */ = {isa = PBXFileReference; explicitFileType = wrapper.application; includeInIndex = 0; path = BoutTime.app; sourceTree = BUILT_PRODUCTS_DIR; };
		FDBF47671FE08B6200E78992 /* AppDelegate.swift */ = {isa = PBXFileReference; lastKnownFileType = sourcecode.swift; path = AppDelegate.swift; sourceTree = "<group>"; };
		FDBF47691FE08B6200E78992 /* ViewController.swift */ = {isa = PBXFileReference; lastKnownFileType = sourcecode.swift; path = ViewController.swift; sourceTree = "<group>"; };
		FDBF476C1FE08B6200E78992 /* Base */ = {isa = PBXFileReference; lastKnownFileType = file.storyboard; name = Base; path = Base.lproj/Main.storyboard; sourceTree = "<group>"; };
		FDBF476E1FE08B6200E78992 /* Assets.xcassets */ = {isa = PBXFileReference; lastKnownFileType = folder.assetcatalog; path = Assets.xcassets; sourceTree = "<group>"; };
		FDBF47711FE08B6200E78992 /* Base */ = {isa = PBXFileReference; lastKnownFileType = file.storyboard; name = Base; path = Base.lproj/LaunchScreen.storyboard; sourceTree = "<group>"; };
		FDBF47731FE08B6200E78992 /* Info.plist */ = {isa = PBXFileReference; lastKnownFileType = text.plist.xml; path = Info.plist; sourceTree = "<group>"; };
		FDC1E8191FE2EDF0000389B7 /* UILabelExtension.swift */ = {isa = PBXFileReference; lastKnownFileType = sourcecode.swift; path = UILabelExtension.swift; sourceTree = "<group>"; };
/* End PBXFileReference section */

/* Begin PBXFrameworksBuildPhase section */
		FDBF47611FE08B6200E78992 /* Frameworks */ = {
			isa = PBXFrameworksBuildPhase;
			buildActionMask = 2147483647;
			files = (
				FD56DDA61FE3FDED004A62A6 /* WebKit.framework in Frameworks */,
			);
			runOnlyForDeploymentPostprocessing = 0;
		};
/* End PBXFrameworksBuildPhase section */

/* Begin PBXGroup section */
		FD56DD801FE32B08004A62A6 /* data */ = {
			isa = PBXGroup;
			children = (
				FD56DD811FE32B2D004A62A6 /* events.plist */,
				FD56DD831FE34676004A62A6 /* PListConverter.swift */,
				FD56DD851FE3471B004A62A6 /* PListConverterError.swift */,
				FD56DD8C1FE3A492004A62A6 /* EventCollectionUnarchiver.swift */,
			);
			path = data;
			sourceTree = "<group>";
		};
		FD56DD891FE3A379004A62A6 /* event */ = {
			isa = PBXGroup;
			children = (
				FD56DD871FE3A1BE004A62A6 /* Eventable.swift */,
				FD56DD8A1FE3A391004A62A6 /* Event.swift */,
				FD56DD8E1FE3A76F004A62A6 /* EventProvidable.swift */,
				FD56DD901FE3B127004A62A6 /* EventProvider.swift */,
				FD56DD991FE3C613004A62A6 /* EventDescriptable.swift */,
			);
			path = event;
			sourceTree = "<group>";
		};
		FD56DD921FE3B32B004A62A6 /* engine */ = {
			isa = PBXGroup;
			children = (
				FD56DD931FE3B33E004A62A6 /* Gamable.swift */,
				FD56DD951FE3BDC2004A62A6 /* EvaluationResult.swift */,
				FD56DD971FE3BE71004A62A6 /* GameEngine.swift */,
				FD56DD9B1FE3C834004A62A6 /* Scorable.swift */,
				FD56DD9D1FE3C863004A62A6 /* Score.swift */,
			);
			path = engine;
			sourceTree = "<group>";
		};
		FD56DD9F1FE3FBAC004A62A6 /* controllers */ = {
			isa = PBXGroup;
			children = (
				FDBF47691FE08B6200E78992 /* ViewController.swift */,
				FD56DDA21FE3FBEE004A62A6 /* EventDetailsViewController.swift */,
				FD6A99821FE46D6D00456835 /* ScoreViewController.swift */,
			);
			path = controllers;
			sourceTree = "<group>";
		};
		FD56DDA41FE3FDEC004A62A6 /* Frameworks */ = {
			isa = PBXGroup;
			children = (
				FD56DDA51FE3FDED004A62A6 /* WebKit.framework */,
			);
			name = Frameworks;
			sourceTree = "<group>";
		};
		FD6A99841FE54CFE00456835 /* sound */ = {
			isa = PBXGroup;
			children = (
				FD6A99851FE54D1200456835 /* CorrectDing.wav */,
				FD6A99861FE54D1200456835 /* IncorrectBuzz.wav */,
				FD6A99891FE54D4400456835 /* SoundEngine.swift */,
				FD6A998B1FE54D6A00456835 /* SoundName.swift */,
			);
			path = sound;
			sourceTree = "<group>";
		};
		FDBF475B1FE08B6200E78992 = {
			isa = PBXGroup;
			children = (
				FDBF47661FE08B6200E78992 /* BoutTime */,
				FDBF47651FE08B6200E78992 /* Products */,
				FD56DDA41FE3FDEC004A62A6 /* Frameworks */,
			);
			sourceTree = "<group>";
		};
		FDBF47651FE08B6200E78992 /* Products */ = {
			isa = PBXGroup;
			children = (
				FDBF47641FE08B6200E78992 /* BoutTime.app */,
			);
			name = Products;
			sourceTree = "<group>";
		};
		FDBF47661FE08B6200E78992 /* BoutTime */ = {
			isa = PBXGroup;
			children = (
				FD6A99841FE54CFE00456835 /* sound */,
				FD56DD9F1FE3FBAC004A62A6 /* controllers */,
				FD56DD921FE3B32B004A62A6 /* engine */,
				FD56DD891FE3A379004A62A6 /* event */,
				FD56DD801FE32B08004A62A6 /* data */,
				FDC1E8181FE2EDD1000389B7 /* extensions */,
				FDBF47671FE08B6200E78992 /* AppDelegate.swift */,
				FDBF476B1FE08B6200E78992 /* Main.storyboard */,
				FDBF476E1FE08B6200E78992 /* Assets.xcassets */,
				FDBF47701FE08B6200E78992 /* LaunchScreen.storyboard */,
				FDBF47731FE08B6200E78992 /* Info.plist */,
			);
			path = BoutTime;
			sourceTree = "<group>";
		};
		FDC1E8181FE2EDD1000389B7 /* extensions */ = {
			isa = PBXGroup;
			children = (
				FDC1E8191FE2EDF0000389B7 /* UILabelExtension.swift */,
			);
			path = extensions;
			sourceTree = "<group>";
		};
/* End PBXGroup section */

/* Begin PBXNativeTarget section */
		FDBF47631FE08B6200E78992 /* BoutTime */ = {
			isa = PBXNativeTarget;
			buildConfigurationList = FDBF47761FE08B6200E78992 /* Build configuration list for PBXNativeTarget "BoutTime" */;
			buildPhases = (
				FDBF47601FE08B6200E78992 /* Sources */,
				FDBF47611FE08B6200E78992 /* Frameworks */,
				FDBF47621FE08B6200E78992 /* Resources */,
			);
			buildRules = (
			);
			dependencies = (
			);
			name = BoutTime;
			productName = BoutTime;
			productReference = FDBF47641FE08B6200E78992 /* BoutTime.app */;
			productType = "com.apple.product-type.application";
		};
/* End PBXNativeTarget section */

/* Begin PBXProject section */
		FDBF475C1FE08B6200E78992 /* Project object */ = {
			isa = PBXProject;
			attributes = {
				LastSwiftUpdateCheck = 0910;
				LastUpgradeCheck = 0910;
				ORGANIZATIONNAME = prevole.ch;
				TargetAttributes = {
					FDBF47631FE08B6200E78992 = {
						CreatedOnToolsVersion = 9.1;
						ProvisioningStyle = Automatic;
					};
				};
			};
			buildConfigurationList = FDBF475F1FE08B6200E78992 /* Build configuration list for PBXProject "BoutTime" */;
			compatibilityVersion = "Xcode 8.0";
			developmentRegion = en;
			hasScannedForEncodings = 0;
			knownRegions = (
				en,
				Base,
			);
			mainGroup = FDBF475B1FE08B6200E78992;
			productRefGroup = FDBF47651FE08B6200E78992 /* Products */;
			projectDirPath = "";
			projectRoot = "";
			targets = (
				FDBF47631FE08B6200E78992 /* BoutTime */,
			);
		};
/* End PBXProject section */

/* Begin PBXResourcesBuildPhase section */
		FDBF47621FE08B6200E78992 /* Resources */ = {
			isa = PBXResourcesBuildPhase;
			buildActionMask = 2147483647;
			files = (
				FD6A99871FE54D1200456835 /* CorrectDing.wav in Resources */,
				FDBF47721FE08B6200E78992 /* LaunchScreen.storyboard in Resources */,
				FDBF476F1FE08B6200E78992 /* Assets.xcassets in Resources */,
				FD6A99881FE54D1200456835 /* IncorrectBuzz.wav in Resources */,
				FDBF476D1FE08B6200E78992 /* Main.storyboard in Resources */,
				FD56DD821FE32B2D004A62A6 /* events.plist in Resources */,
			);
			runOnlyForDeploymentPostprocessing = 0;
		};
/* End PBXResourcesBuildPhase section */

/* Begin PBXSourcesBuildPhase section */
		FDBF47601FE08B6200E78992 /* Sources */ = {
			isa = PBXSourcesBuildPhase;
			buildActionMask = 2147483647;
			files = (
				FD6A998C1FE54D6A00456835 /* SoundName.swift in Sources */,
				FDBF476A1FE08B6200E78992 /* ViewController.swift in Sources */,
				FD56DD981FE3BE71004A62A6 /* GameEngine.swift in Sources */,
				FD56DD9E1FE3C863004A62A6 /* Score.swift in Sources */,
				FD6A998A1FE54D4400456835 /* SoundEngine.swift in Sources */,
				FD56DD861FE3471B004A62A6 /* PListConverterError.swift in Sources */,
				FDC1E81A1FE2EDF0000389B7 /* UILabelExtension.swift in Sources */,
				FD56DD911FE3B127004A62A6 /* EventProvider.swift in Sources */,
				FD56DD961FE3BDC2004A62A6 /* EvaluationResult.swift in Sources */,
				FD56DD8F1FE3A76F004A62A6 /* EventProvidable.swift in Sources */,
				FDBF47681FE08B6200E78992 /* AppDelegate.swift in Sources */,
				FD56DD881FE3A1BE004A62A6 /* Eventable.swift in Sources */,
				FD56DD9C1FE3C834004A62A6 /* Scorable.swift in Sources */,
				FD56DD9A1FE3C613004A62A6 /* EventDescriptable.swift in Sources */,
				FD56DD8B1FE3A391004A62A6 /* Event.swift in Sources */,
				FD56DD841FE34676004A62A6 /* PListConverter.swift in Sources */,
				FD56DD941FE3B33E004A62A6 /* Gamable.swift in Sources */,
				FD56DD8D1FE3A492004A62A6 /* EventCollectionUnarchiver.swift in Sources */,
				FD56DDA31FE3FBEE004A62A6 /* EventDetailsViewController.swift in Sources */,
				FD6A99831FE46D6D00456835 /* ScoreViewController.swift in Sources */,
			);
			runOnlyForDeploymentPostprocessing = 0;
		};
/* End PBXSourcesBuildPhase section */

/* Begin PBXVariantGroup section */
		FDBF476B1FE08B6200E78992 /* Main.storyboard */ = {
			isa = PBXVariantGroup;
			children = (
				FDBF476C1FE08B6200E78992 /* Base */,
			);
			name = Main.storyboard;
			sourceTree = "<group>";
		};
		FDBF47701FE08B6200E78992 /* LaunchScreen.storyboard */ = {
			isa = PBXVariantGroup;
			children = (
				FDBF47711FE08B6200E78992 /* Base */,
			);
			name = LaunchScreen.storyboard;
			sourceTree = "<group>";
		};
/* End PBXVariantGroup section */

/* Begin XCBuildConfiguration section */
		FDBF47741FE08B6200E78992 /* Debug */ = {
			isa = XCBuildConfiguration;
			buildSettings = {
				ALWAYS_SEARCH_USER_PATHS = NO;
				CLANG_ANALYZER_NONNULL = YES;
				CLANG_ANALYZER_NUMBER_OBJECT_CONVERSION = YES_AGGRESSIVE;
				CLANG_CXX_LANGUAGE_STANDARD = "gnu++14";
				CLANG_CXX_LIBRARY = "libc++";
				CLANG_ENABLE_MODULES = YES;
				CLANG_ENABLE_OBJC_ARC = YES;
				CLANG_WARN_BLOCK_CAPTURE_AUTORELEASING = YES;
				CLANG_WARN_BOOL_CONVERSION = YES;
				CLANG_WARN_COMMA = YES;
				CLANG_WARN_CONSTANT_CONVERSION = YES;
				CLANG_WARN_DIRECT_OBJC_ISA_USAGE = YES_ERROR;
				CLANG_WARN_DOCUMENTATION_COMMENTS = YES;
				CLANG_WARN_EMPTY_BODY = YES;
				CLANG_WARN_ENUM_CONVERSION = YES;
				CLANG_WARN_INFINITE_RECURSION = YES;
				CLANG_WARN_INT_CONVERSION = YES;
				CLANG_WARN_NON_LITERAL_NULL_CONVERSION = YES;
				CLANG_WARN_OBJC_LITERAL_CONVERSION = YES;
				CLANG_WARN_OBJC_ROOT_CLASS = YES_ERROR;
				CLANG_WARN_RANGE_LOOP_ANALYSIS = YES;
				CLANG_WARN_STRICT_PROTOTYPES = YES;
				CLANG_WARN_SUSPICIOUS_MOVE = YES;
				CLANG_WARN_UNGUARDED_AVAILABILITY = YES_AGGRESSIVE;
				CLANG_WARN_UNREACHABLE_CODE = YES;
				CLANG_WARN__DUPLICATE_METHOD_MATCH = YES;
				CODE_SIGN_IDENTITY = "iPhone Developer";
				COPY_PHASE_STRIP = NO;
				DEBUG_INFORMATION_FORMAT = dwarf;
				ENABLE_STRICT_OBJC_MSGSEND = YES;
				ENABLE_TESTABILITY = YES;
				GCC_C_LANGUAGE_STANDARD = gnu11;
				GCC_DYNAMIC_NO_PIC = NO;
				GCC_NO_COMMON_BLOCKS = YES;
				GCC_OPTIMIZATION_LEVEL = 0;
				GCC_PREPROCESSOR_DEFINITIONS = (
					"DEBUG=1",
					"$(inherited)",
				);
				GCC_WARN_64_TO_32_BIT_CONVERSION = YES;
				GCC_WARN_ABOUT_RETURN_TYPE = YES_ERROR;
				GCC_WARN_UNDECLARED_SELECTOR = YES;
				GCC_WARN_UNINITIALIZED_AUTOS = YES_AGGRESSIVE;
				GCC_WARN_UNUSED_FUNCTION = YES;
				GCC_WARN_UNUSED_VARIABLE = YES;
				IPHONEOS_DEPLOYMENT_TARGET = 11.1;
				MTL_ENABLE_DEBUG_INFO = YES;
				ONLY_ACTIVE_ARCH = YES;
				SDKROOT = iphoneos;
				SWIFT_ACTIVE_COMPILATION_CONDITIONS = DEBUG;
				SWIFT_OPTIMIZATION_LEVEL = "-Onone";
			};
			name = Debug;
		};
		FDBF47751FE08B6200E78992 /* Release */ = {
			isa = XCBuildConfiguration;
			buildSettings = {
				ALWAYS_SEARCH_USER_PATHS = NO;
				CLANG_ANALYZER_NONNULL = YES;
				CLANG_ANALYZER_NUMBER_OBJECT_CONVERSION = YES_AGGRESSIVE;
				CLANG_CXX_LANGUAGE_STANDARD = "gnu++14";
				CLANG_CXX_LIBRARY = "libc++";
				CLANG_ENABLE_MODULES = YES;
				CLANG_ENABLE_OBJC_ARC = YES;
				CLANG_WARN_BLOCK_CAPTURE_AUTORELEASING = YES;
				CLANG_WARN_BOOL_CONVERSION = YES;
				CLANG_WARN_COMMA = YES;
				CLANG_WARN_CONSTANT_CONVERSION = YES;
				CLANG_WARN_DIRECT_OBJC_ISA_USAGE = YES_ERROR;
				CLANG_WARN_DOCUMENTATION_COMMENTS = YES;
				CLANG_WARN_EMPTY_BODY = YES;
				CLANG_WARN_ENUM_CONVERSION = YES;
				CLANG_WARN_INFINITE_RECURSION = YES;
				CLANG_WARN_INT_CONVERSION = YES;
				CLANG_WARN_NON_LITERAL_NULL_CONVERSION = YES;
				CLANG_WARN_OBJC_LITERAL_CONVERSION = YES;
				CLANG_WARN_OBJC_ROOT_CLASS = YES_ERROR;
				CLANG_WARN_RANGE_LOOP_ANALYSIS = YES;
				CLANG_WARN_STRICT_PROTOTYPES = YES;
				CLANG_WARN_SUSPICIOUS_MOVE = YES;
				CLANG_WARN_UNGUARDED_AVAILABILITY = YES_AGGRESSIVE;
				CLANG_WARN_UNREACHABLE_CODE = YES;
				CLANG_WARN__DUPLICATE_METHOD_MATCH = YES;
				CODE_SIGN_IDENTITY = "iPhone Developer";
				COPY_PHASE_STRIP = NO;
				DEBUG_INFORMATION_FORMAT = "dwarf-with-dsym";
				ENABLE_NS_ASSERTIONS = NO;
				ENABLE_STRICT_OBJC_MSGSEND = YES;
				GCC_C_LANGUAGE_STANDARD = gnu11;
				GCC_NO_COMMON_BLOCKS = YES;
				GCC_WARN_64_TO_32_BIT_CONVERSION = YES;
				GCC_WARN_ABOUT_RETURN_TYPE = YES_ERROR;
				GCC_WARN_UNDECLARED_SELECTOR = YES;
				GCC_WARN_UNINITIALIZED_AUTOS = YES_AGGRESSIVE;
				GCC_WARN_UNUSED_FUNCTION = YES;
				GCC_WARN_UNUSED_VARIABLE = YES;
				IPHONEOS_DEPLOYMENT_TARGET = 11.1;
				MTL_ENABLE_DEBUG_INFO = NO;
				SDKROOT = iphoneos;
				SWIFT_OPTIMIZATION_LEVEL = "-Owholemodule";
				VALIDATE_PRODUCT = YES;
			};
			name = Release;
		};
		FDBF47771FE08B6200E78992 /* Debug */ = {
			isa = XCBuildConfiguration;
			buildSettings = {
				ASSETCATALOG_COMPILER_APPICON_NAME = AppIcon;
				CODE_SIGN_STYLE = Automatic;
				DEVELOPMENT_TEAM = 9UA9ZCJ3YP;
				INFOPLIST_FILE = BoutTime/Info.plist;
				LD_RUNPATH_SEARCH_PATHS = "$(inherited) @executable_path/Frameworks";
				PRODUCT_BUNDLE_IDENTIFIER = ch.prevole.BoutTime;
				PRODUCT_NAME = "$(TARGET_NAME)";
				SWIFT_VERSION = 4.0;
				TARGETED_DEVICE_FAMILY = 1;
			};
			name = Debug;
		};
		FDBF47781FE08B6200E78992 /* Release */ = {
			isa = XCBuildConfiguration;
			buildSettings = {
				ASSETCATALOG_COMPILER_APPICON_NAME = AppIcon;
				CODE_SIGN_STYLE = Automatic;
				DEVELOPMENT_TEAM = 9UA9ZCJ3YP;
				INFOPLIST_FILE = BoutTime/Info.plist;
				LD_RUNPATH_SEARCH_PATHS = "$(inherited) @executable_path/Frameworks";
				PRODUCT_BUNDLE_IDENTIFIER = ch.prevole.BoutTime;
				PRODUCT_NAME = "$(TARGET_NAME)";
				SWIFT_VERSION = 4.0;
				TARGETED_DEVICE_FAMILY = 1;
			};
			name = Release;
		};
/* End XCBuildConfiguration section */

/* Begin XCConfigurationList section */
		FDBF475F1FE08B6200E78992 /* Build configuration list for PBXProject "BoutTime" */ = {
			isa = XCConfigurationList;
			buildConfigurations = (
				FDBF47741FE08B6200E78992 /* Debug */,
				FDBF47751FE08B6200E78992 /* Release */,
			);
			defaultConfigurationIsVisible = 0;
			defaultConfigurationName = Release;
		};
		FDBF47761FE08B6200E78992 /* Build configuration list for PBXNativeTarget "BoutTime" */ = {
			isa = XCConfigurationList;
			buildConfigurations = (
				FDBF47771FE08B6200E78992 /* Debug */,
				FDBF47781FE08B6200E78992 /* Release */,
			);
			defaultConfigurationIsVisible = 0;
			defaultConfigurationName = Release;
		};
/* End XCConfigurationList section */
	};
	rootObject = FDBF475C1FE08B6200E78992 /* Project object */;
}
